
Microsoft Visual Studio Solution File, Format Version 12.00
# Visual Studio Version 17
VisualStudioVersion = 17.4.33213.308
MinimumVisualStudioVersion = 10.0.40219.1
Project("{FAE04EC0-301F-11D3-BF4B-00C04F79EFBC}") = "Signa.CadDescricao.Api", "Signa.CadDescricao.Api\Signa.CadDescricao.Api.csproj", "{97644B89-6CD4-423E-B5DE-0F3D9A5E04C5}"
EndProject
Global
	GlobalSection(SolutionConfigurationPlatforms) = preSolution
		Debug|Any CPU = Debug|Any CPU
		Release|Any CPU = Release|Any CPU
	EndGlobalSection
	GlobalSection(ProjectConfigurationPlatforms) = postSolution
		{97644B89-6CD4-423E-B5DE-0F3D9A5E04C5}.Debug|Any CPU.ActiveCfg = Debug|Any CPU
		{97644B89-6CD4-423E-B5DE-0F3D9A5E04C5}.Debug|Any CPU.Build.0 = Debug|Any CPU
		{97644B89-6CD4-423E-B5DE-0F3D9A5E04C5}.Release|Any CPU.ActiveCfg = Release|Any CPU
		{97644B89-6CD4-423E-B5DE-0F3D9A5E04C5}.Release|Any CPU.Build.0 = Release|Any CPU
	EndGlobalSection
	GlobalSection(SolutionProperties) = preSolution
		HideSolutionNode = FALSE
	EndGlobalSection
	GlobalSection(ExtensibilityGlobals) = postSolution
		SolutionGuid = {1707F614-32E3-44E0-9396-EF39EBB8BAEB}
	EndGlobalSection
EndGlobal
